
Microsoft Visual Studio Solution File, Format Version 12.00
# Visual Studio 15
VisualStudioVersion = 15.0.28010.2003
MinimumVisualStudioVersion = 10.0.40219.1
Project("{F184B08F-C81C-45F6-A57F-5ABD9991F28F}") = "CKT Pro", "Check Know Thu nghiem tinh nang\CKT Pro.vbproj", "{E0A7255C-8300-417D-BCAB-9BC20F0801A3}"
EndProject
Global
	GlobalSection(SolutionConfigurationPlatforms) = preSolution
		Debug|Any CPU = Debug|Any CPU
		Release|Any CPU = Release|Any CPU
	EndGlobalSection
	GlobalSection(ProjectConfigurationPlatforms) = postSolution
		{E0A7255C-8300-417D-BCAB-9BC20F0801A3}.Debug|Any CPU.ActiveCfg = Debug|Any CPU
		{E0A7255C-8300-417D-BCAB-9BC20F0801A3}.Debug|Any CPU.Build.0 = Debug|Any CPU
		{E0A7255C-8300-417D-BCAB-9BC20F0801A3}.Release|Any CPU.ActiveCfg = Release|Any CPU
		{E0A7255C-8300-417D-BCAB-9BC20F0801A3}.Release|Any CPU.Build.0 = Release|Any CPU
	EndGlobalSection
	GlobalSection(SolutionProperties) = preSolution
		HideSolutionNode = FALSE
	EndGlobalSection
	GlobalSection(ExtensibilityGlobals) = postSolution
		SolutionGuid = {FA48B690-607C-4E1C-85D5-836C25F0A3FD}
	EndGlobalSection
EndGlobal
